
Microsoft Visual Studio Solution File, Format Version 12.00
# Visual Studio 2013
VisualStudioVersion = 12.0.31101.0
MinimumVisualStudioVersion = 10.0.40219.1
Project("{FAE04EC0-301F-11D3-BF4B-00C04F79EFBC}") = "Ivedix.miTranslator.Data", "Ivedix.miTranslator.Data\Ivedix.miTranslator.Data.csproj", "{9E088CD6-D0C3-42AD-86A5-7F18B6BBA44E}"
EndProject
Project("{FAE04EC0-301F-11D3-BF4B-00C04F79EFBC}") = "Ivedix.miTranslator.Service", "Ivedix.miTranslator.Service\Ivedix.miTranslator.Service.csproj", "{AE1DFEB1-C5B9-4459-AE9F-7FDDBAB789D4}"
EndProject
Project("{FAE04EC0-301F-11D3-BF4B-00C04F79EFBC}") = "Ivedix.miTranslator.Web", "Ivedix.miTranslator.Web\Ivedix.miTranslator.Web.csproj", "{0EEB3209-D3DE-4242-8FAF-B0E73578E7B6}"
EndProject
Project("{FAE04EC0-301F-11D3-BF4B-00C04F79EFBC}") = "Ivedix.miTranslator.Model", "Ivedix.miTranslator\Ivedix.miTranslator.Model\Ivedix.miTranslator.Model.csproj", "{97B62F1F-1F95-4DC0-92D0-ECE1C9DD3A98}"
EndProject
Global
	GlobalSection(SolutionConfigurationPlatforms) = preSolution
		Debug|Any CPU = Debug|Any CPU
		Release|Any CPU = Release|Any CPU
	EndGlobalSection
	GlobalSection(ProjectConfigurationPlatforms) = postSolution
		{9E088CD6-D0C3-42AD-86A5-7F18B6BBA44E}.Debug|Any CPU.ActiveCfg = Debug|Any CPU
		{9E088CD6-D0C3-42AD-86A5-7F18B6BBA44E}.Debug|Any CPU.Build.0 = Debug|Any CPU
		{9E088CD6-D0C3-42AD-86A5-7F18B6BBA44E}.Release|Any CPU.ActiveCfg = Release|Any CPU
		{9E088CD6-D0C3-42AD-86A5-7F18B6BBA44E}.Release|Any CPU.Build.0 = Release|Any CPU
		{AE1DFEB1-C5B9-4459-AE9F-7FDDBAB789D4}.Debug|Any CPU.ActiveCfg = Debug|Any CPU
		{AE1DFEB1-C5B9-4459-AE9F-7FDDBAB789D4}.Debug|Any CPU.Build.0 = Debug|Any CPU
		{AE1DFEB1-C5B9-4459-AE9F-7FDDBAB789D4}.Release|Any CPU.ActiveCfg = Release|Any CPU
		{AE1DFEB1-C5B9-4459-AE9F-7FDDBAB789D4}.Release|Any CPU.Build.0 = Release|Any CPU
		{0EEB3209-D3DE-4242-8FAF-B0E73578E7B6}.Debug|Any CPU.ActiveCfg = Debug|Any CPU
		{0EEB3209-D3DE-4242-8FAF-B0E73578E7B6}.Debug|Any CPU.Build.0 = Debug|Any CPU
		{0EEB3209-D3DE-4242-8FAF-B0E73578E7B6}.Release|Any CPU.ActiveCfg = Release|Any CPU
		{0EEB3209-D3DE-4242-8FAF-B0E73578E7B6}.Release|Any CPU.Build.0 = Release|Any CPU
		{97B62F1F-1F95-4DC0-92D0-ECE1C9DD3A98}.Debug|Any CPU.ActiveCfg = Debug|Any CPU
		{97B62F1F-1F95-4DC0-92D0-ECE1C9DD3A98}.Debug|Any CPU.Build.0 = Debug|Any CPU
		{97B62F1F-1F95-4DC0-92D0-ECE1C9DD3A98}.Release|Any CPU.ActiveCfg = Release|Any CPU
		{97B62F1F-1F95-4DC0-92D0-ECE1C9DD3A98}.Release|Any CPU.Build.0 = Release|Any CPU
	EndGlobalSection
	GlobalSection(SolutionProperties) = preSolution
		HideSolutionNode = FALSE
	EndGlobalSection
EndGlobal
